
Microsoft Visual Studio Solution File, Format Version 12.00
# Visual Studio 15
VisualStudioVersion = 15.0.27130.2026
MinimumVisualStudioVersion = 10.0.40219.1
Project("{FAE04EC0-301F-11D3-BF4B-00C04F79EFBC}") = "Commentgram.Bot", "Commentgram.Bot\Commentgram.Bot.csproj", "{E97094CF-2416-43E2-BE90-FD15D997BCCC}"
EndProject
Global
	GlobalSection(SolutionConfigurationPlatforms) = preSolution
		Debug|Any CPU = Debug|Any CPU
		Release|Any CPU = Release|Any CPU
	EndGlobalSection
	GlobalSection(ProjectConfigurationPlatforms) = postSolution
		{E97094CF-2416-43E2-BE90-FD15D997BCCC}.Debug|Any CPU.ActiveCfg = Debug|Any CPU
		{E97094CF-2416-43E2-BE90-FD15D997BCCC}.Debug|Any CPU.Build.0 = Debug|Any CPU
		{E97094CF-2416-43E2-BE90-FD15D997BCCC}.Release|Any CPU.ActiveCfg = Release|Any CPU
		{E97094CF-2416-43E2-BE90-FD15D997BCCC}.Release|Any CPU.Build.0 = Release|Any CPU
	EndGlobalSection
	GlobalSection(SolutionProperties) = preSolution
		HideSolutionNode = FALSE
	EndGlobalSection
	GlobalSection(ExtensibilityGlobals) = postSolution
		SolutionGuid = {7F97DE7E-9636-438D-83C5-2854364CD6B4}
	EndGlobalSection
EndGlobal
